[[package]]
name = "hello"
version = "0.1.0"
dependencies = [
 "libc 0.2.47 (registry+https://github.com/rust-lang/crates.io-index)",
]

[[package]]
name = "libc"
version = "0.2.47"
source = "registry+https://github.com/rust-lang/crates.io-index"

[metadata]
"checksum libc 0.2.47 (registry+https://github.com/rust-lang/crates.io-index)" = "48450664a984b25d5b479554c29cc04e3150c97aa4c01da5604a2d4ed9151476"
